
Microsoft Visual Studio Solution File, Format Version 12.00
# Visual Studio Version 17
VisualStudioVersion = 17.10.35027.167
MinimumVisualStudioVersion = 10.0.40219.1
Project("{FAE04EC0-301F-11D3-BF4B-00C04F79EFBC}") = "Beltek.Finish.Project", "Beltek.Finish.Project.csproj", "{829C6C27-D143-46CB-9327-2ECB41404AC9}"
EndProject
Global
	GlobalSection(SolutionConfigurationPlatforms) = preSolution
		Debug|Any CPU = Debug|Any CPU
		Release|Any CPU = Release|Any CPU
	EndGlobalSection
	GlobalSection(ProjectConfigurationPlatforms) = postSolution
		{829C6C27-D143-46CB-9327-2ECB41404AC9}.Debug|Any CPU.ActiveCfg = Debug|Any CPU
		{829C6C27-D143-46CB-9327-2ECB41404AC9}.Debug|Any CPU.Build.0 = Debug|Any CPU
		{829C6C27-D143-46CB-9327-2ECB41404AC9}.Release|Any CPU.ActiveCfg = Release|Any CPU
		{829C6C27-D143-46CB-9327-2ECB41404AC9}.Release|Any CPU.Build.0 = Release|Any CPU
	EndGlobalSection
	GlobalSection(SolutionProperties) = preSolution
		HideSolutionNode = FALSE
	EndGlobalSection
	GlobalSection(ExtensibilityGlobals) = postSolution
		SolutionGuid = {DE86A602-4EE0-4D8F-80BC-0E3936B40193}
	EndGlobalSection
EndGlobal
